<?xml version="1.0" encoding="utf-8"?>
<Project ToolsVersion="4.0" xmlns="http://schemas.microsoft.com/developer/msbuild/2003">
  <ItemGroup>
    <Filter Include="include">
      <UniqueIdentifier>{89AF369E-F58E-B539-FEA6-40106A051C9B}</UniqueIdentifier>
    </Filter>
  </ItemGroup>
  <ItemGroup>
    <ClCompile Include="lzham_lzbase.cpp" />
    <ClCompile Include="lzham_lzcomp.cpp" />
    <ClCompile Include="lzham_lzcomp_internal.cpp" />
    <ClCompile Include="lzham_lzcomp_state.cpp" />
    <ClCompile Include="lzham_match_accel.cpp" />
    <ClCompile Include="lzham_pthreads_threading.cpp" />
    <ClCompile Include="lzham_win32_threading.cpp" />
  </ItemGroup>
  <ItemGroup>
    <None Include="..\include\lzham_exports.inc">
      <Filter>include</Filter>
    </None>
  </ItemGroup>
</Project>